
Microsoft Visual Studio Solution File, Format Version 12.00
# Visual Studio Version 16
VisualStudioVersion = 16.0.31321.278
MinimumVisualStudioVersion = 10.0.40219.1
Project("{9A19103F-16F7-4668-BE54-9A1E7A4F7556}") = "Restaurante", "Restaurante.csproj", "{5654D672-66FA-4FD1-915E-9E5E09D94F47}"
EndProject
Project("{FAE04EC0-301F-11D3-BF4B-00C04F79EFBC}") = "BusinessLayer", "BusinessLayer\BusinessLayer.csproj", "{F44685A0-A5D9-4304-82A1-4EC4C3C65E4F}"
EndProject
Global
	GlobalSection(SolutionConfigurationPlatforms) = preSolution
		Debug|Any CPU = Debug|Any CPU
		Release|Any CPU = Release|Any CPU
	EndGlobalSection
	GlobalSection(ProjectConfigurationPlatforms) = postSolution
		{5654D672-66FA-4FD1-915E-9E5E09D94F47}.Debug|Any CPU.ActiveCfg = Debug|Any CPU
		{5654D672-66FA-4FD1-915E-9E5E09D94F47}.Debug|Any CPU.Build.0 = Debug|Any CPU
		{5654D672-66FA-4FD1-915E-9E5E09D94F47}.Release|Any CPU.ActiveCfg = Release|Any CPU
		{5654D672-66FA-4FD1-915E-9E5E09D94F47}.Release|Any CPU.Build.0 = Release|Any CPU
		{F44685A0-A5D9-4304-82A1-4EC4C3C65E4F}.Debug|Any CPU.ActiveCfg = Debug|Any CPU
		{F44685A0-A5D9-4304-82A1-4EC4C3C65E4F}.Debug|Any CPU.Build.0 = Debug|Any CPU
		{F44685A0-A5D9-4304-82A1-4EC4C3C65E4F}.Release|Any CPU.ActiveCfg = Release|Any CPU
		{F44685A0-A5D9-4304-82A1-4EC4C3C65E4F}.Release|Any CPU.Build.0 = Release|Any CPU
	EndGlobalSection
	GlobalSection(SolutionProperties) = preSolution
		HideSolutionNode = FALSE
	EndGlobalSection
	GlobalSection(ExtensibilityGlobals) = postSolution
		SolutionGuid = {D1ED1BC4-00E3-4AC0-908D-0838F4D16C0A}
	EndGlobalSection
EndGlobal
